
Microsoft Visual Studio Solution File, Format Version 12.00
# Visual Studio 2012
Project("{FAE04EC0-301F-11D3-BF4B-00C04F79EFBC}") = "UciEngineLib", "UciEngineLib\UciEngineLib.csproj", "{846C7789-EE14-4991-AB88-EF599B7F5BCF}"
EndProject
Project("{FAE04EC0-301F-11D3-BF4B-00C04F79EFBC}") = "UciEngineLibTest", "UciEngineLibTest\UciEngineLibTest.csproj", "{BED7C8E2-1014-487C-96C5-754FC377DC13}"
EndProject
Project("{FAE04EC0-301F-11D3-BF4B-00C04F79EFBC}") = "UciEngineController", "UciEngineController\UciEngineController.csproj", "{14A9C567-BF9E-4D66-8365-7C15E21123A2}"
EndProject
Global
	GlobalSection(SolutionConfigurationPlatforms) = preSolution
		Debug|Any CPU = Debug|Any CPU
		Release|Any CPU = Release|Any CPU
	EndGlobalSection
	GlobalSection(ProjectConfigurationPlatforms) = postSolution
		{846C7789-EE14-4991-AB88-EF599B7F5BCF}.Debug|Any CPU.ActiveCfg = Debug|Any CPU
		{846C7789-EE14-4991-AB88-EF599B7F5BCF}.Debug|Any CPU.Build.0 = Debug|Any CPU
		{846C7789-EE14-4991-AB88-EF599B7F5BCF}.Release|Any CPU.ActiveCfg = Release|Any CPU
		{846C7789-EE14-4991-AB88-EF599B7F5BCF}.Release|Any CPU.Build.0 = Release|Any CPU
		{BED7C8E2-1014-487C-96C5-754FC377DC13}.Debug|Any CPU.ActiveCfg = Debug|Any CPU
		{BED7C8E2-1014-487C-96C5-754FC377DC13}.Debug|Any CPU.Build.0 = Debug|Any CPU
		{BED7C8E2-1014-487C-96C5-754FC377DC13}.Release|Any CPU.ActiveCfg = Release|Any CPU
		{BED7C8E2-1014-487C-96C5-754FC377DC13}.Release|Any CPU.Build.0 = Release|Any CPU
		{14A9C567-BF9E-4D66-8365-7C15E21123A2}.Debug|Any CPU.ActiveCfg = Debug|Any CPU
		{14A9C567-BF9E-4D66-8365-7C15E21123A2}.Debug|Any CPU.Build.0 = Debug|Any CPU
		{14A9C567-BF9E-4D66-8365-7C15E21123A2}.Release|Any CPU.ActiveCfg = Release|Any CPU
		{14A9C567-BF9E-4D66-8365-7C15E21123A2}.Release|Any CPU.Build.0 = Release|Any CPU
	EndGlobalSection
	GlobalSection(SolutionProperties) = preSolution
		HideSolutionNode = FALSE
	EndGlobalSection
EndGlobal
